
Microsoft Visual Studio Solution File, Format Version 12.00
# Visual Studio Version 16
VisualStudioVersion = 16.0.32002.261
MinimumVisualStudioVersion = 10.0.40219.1
Project("{8BC9CEB8-8B4A-11D0-8D11-00A0C91BC942}") = "202", "202\202.vcxproj", "{70D44D45-BD15-461F-AD88-90D2EAA05BB2}"
EndProject
Global
	GlobalSection(SolutionConfigurationPlatforms) = preSolution
		Debug|x64 = Debug|x64
		Debug|x86 = Debug|x86
		Release|x64 = Release|x64
		Release|x86 = Release|x86
	EndGlobalSection
	GlobalSection(ProjectConfigurationPlatforms) = postSolution
		{70D44D45-BD15-461F-AD88-90D2EAA05BB2}.Debug|x64.ActiveCfg = Debug|x64
		{70D44D45-BD15-461F-AD88-90D2EAA05BB2}.Debug|x64.Build.0 = Debug|x64
		{70D44D45-BD15-461F-AD88-90D2EAA05BB2}.Debug|x86.ActiveCfg = Debug|Win32
		{70D44D45-BD15-461F-AD88-90D2EAA05BB2}.Debug|x86.Build.0 = Debug|Win32
		{70D44D45-BD15-461F-AD88-90D2EAA05BB2}.Release|x64.ActiveCfg = Release|x64
		{70D44D45-BD15-461F-AD88-90D2EAA05BB2}.Release|x64.Build.0 = Release|x64
		{70D44D45-BD15-461F-AD88-90D2EAA05BB2}.Release|x86.ActiveCfg = Release|Win32
		{70D44D45-BD15-461F-AD88-90D2EAA05BB2}.Release|x86.Build.0 = Release|Win32
	EndGlobalSection
	GlobalSection(SolutionProperties) = preSolution
		HideSolutionNode = FALSE
	EndGlobalSection
	GlobalSection(ExtensibilityGlobals) = postSolution
		SolutionGuid = {0F0E216D-6A1D-4206-8291-A634BE221F0C}
	EndGlobalSection
EndGlobal
